
Microsoft Visual Studio Solution File, Format Version 12.00
# Visual Studio Version 17
VisualStudioVersion = 17.14.36121.58
MinimumVisualStudioVersion = 10.0.40219.1
Project("{2150E333-8FDC-42A3-9474-1A3956D46DE8}") = "App.MicroServices", "App.MicroServices", "{02EA681E-C7D8-13C7-8484-4AC65E1B71E8}"
EndProject
Project("{2150E333-8FDC-42A3-9474-1A3956D46DE8}") = "Company", "Company", "{798ACCC7-0428-4ED4-B5B6-BFE2E295054A}"
EndProject
Project("{2150E333-8FDC-42A3-9474-1A3956D46DE8}") = "Core", "Core", "{16136E4C-5A1B-46D2-B10F-D15F60B9518B}"
EndProject
Project("{2150E333-8FDC-42A3-9474-1A3956D46DE8}") = "Infrastructure", "Infrastructure", "{F243A237-452E-4B05-AF0E-CD608A723437}"
EndProject
Project("{2150E333-8FDC-42A3-9474-1A3956D46DE8}") = "Presentation", "Presentation", "{2B8005A5-CF60-4574-AAA3-F3D22FAB837E}"
EndProject
Project("{2150E333-8FDC-42A3-9474-1A3956D46DE8}") = "Shared", "Shared", "{35487E20-5CA0-4C8C-863A-AEBFFFED34D0}"
EndProject
Project("{2150E333-8FDC-42A3-9474-1A3956D46DE8}") = "Gateway", "Gateway", "{BF1EF7CC-86E0-44B2-93F6-7BC40798995B}"
EndProject
Project("{2150E333-8FDC-42A3-9474-1A3956D46DE8}") = "Shared", "Shared", "{1B9D254B-0FCD-47F0-8FF9-EFA2AC81AEA7}"
EndProject
Project("{2150E333-8FDC-42A3-9474-1A3956D46DE8}") = "Tests", "Tests", "{0E3896AC-558F-499C-9328-93CEE14988F9}"
EndProject
Project("{2150E333-8FDC-42A3-9474-1A3956D46DE8}") = "Company.UserManagement", "Company.UserManagement", "{B7A45757-7930-41F3-9E78-620A86AF12F1}"
EndProject
Project("{2150E333-8FDC-42A3-9474-1A3956D46DE8}") = "SuperAdmin", "SuperAdmin", "{8CCAB130-A24E-45A4-B867-C64D3B28C19A}"
EndProject
Project("{2150E333-8FDC-42A3-9474-1A3956D46DE8}") = "Core", "Core", "{07563D36-BBA6-4865-A44B-26B8E2EACE76}"
EndProject
Project("{2150E333-8FDC-42A3-9474-1A3956D46DE8}") = "Infrastructure", "Infrastructure", "{762E5872-C452-4E74-B8FC-3F08438C2367}"
EndProject
Project("{2150E333-8FDC-42A3-9474-1A3956D46DE8}") = "Presentation", "Presentation", "{A54ED0BF-18EA-43C9-8954-0952186E28F9}"
EndProject
Project("{2150E333-8FDC-42A3-9474-1A3956D46DE8}") = "Shared", "Shared", "{E5F6F145-9AD4-4A41-A6D3-9A9D92F011BC}"
EndProject
Project("{2150E333-8FDC-42A3-9474-1A3956D46DE8}") = "Aspire", "Aspire", "{588D3DEC-4233-4C8B-9C14-9E9208C73FEC}"
EndProject
Project("{FAE04EC0-301F-11D3-BF4B-00C04F79EFBC}") = "App.UserManagement.Domain", "App.MicroServices\Company\Company.UserManagement\App.UserManagement.Domain\App.UserManagement.Domain.csproj", "{B7B73F72-A181-DAF8-F9F1-1A3A5C61D2D4}"
EndProject
Project("{FAE04EC0-301F-11D3-BF4B-00C04F79EFBC}") = "App.UserManagement.Infrastructure", "App.MicroServices\Company\Company.UserManagement\App.UserManagement.Infrastructure\App.UserManagement.Infrastructure.csproj", "{56CD5FD8-1EDE-A286-09B5-AFDEF0CF7A8C}"
EndProject
Project("{FAE04EC0-301F-11D3-BF4B-00C04F79EFBC}") = "App.UserManagement.Api", "App.MicroServices\Company\Company.UserManagement\App.UserManagement.Api\App.UserManagement.Api.csproj", "{AA08A8FE-2877-02FE-D684-0EE79FB4421D}"
EndProject
Project("{FAE04EC0-301F-11D3-BF4B-00C04F79EFBC}") = "App.Master", "Shared\App.Master\App.Master.csproj", "{5F6D8612-8FC2-CBF3-7C1B-F55D026B577F}"
EndProject
Project("{FAE04EC0-301F-11D3-BF4B-00C04F79EFBC}") = "App.Common", "Shared\App.Common\App.Common.csproj", "{EC7A8D0E-B795-3D09-E3B0-8B21F9BFBBC3}"
EndProject
Project("{FAE04EC0-301F-11D3-BF4B-00C04F79EFBC}") = "App.UserManagement.Common", "App.MicroServices\Company\Company.UserManagement\App.UserManagement.Common\App.UserManagement.Common.csproj", "{20063F87-FD48-81E5-6CCD-5DCB66912421}"
EndProject
Project("{FAE04EC0-301F-11D3-BF4B-00C04F79EFBC}") = "App.SuperAdmin.Application", "SuperAdmin\App.SuperAdmin.Application\App.SuperAdmin.Application.csproj", "{09B88B2B-1C67-573C-C478-AD8C191DEF33}"
EndProject
Project("{FAE04EC0-301F-11D3-BF4B-00C04F79EFBC}") = "App.SuperAdmin.Domain", "SuperAdmin\App.SuperAdmin.Domain\App.SuperAdmin.Domain.csproj", "{B0F94D92-8956-4BB8-3F5C-E5A403F64FF0}"
EndProject
Project("{FAE04EC0-301F-11D3-BF4B-00C04F79EFBC}") = "App.SuperAdmin.Infrastructure", "SuperAdmin\App.SuperAdmin.Infrastructure\App.SuperAdmin.Infrastructure.csproj", "{5A4A0D32-A2A4-FBAD-E7DB-ECBB95913601}"
EndProject
Project("{FAE04EC0-301F-11D3-BF4B-00C04F79EFBC}") = "App.SuperAdmin.Api", "SuperAdmin\App.SuperAdmin.Api\App.SuperAdmin.Api.csproj", "{8A3B8DEB-3E66-F1D1-58E4-4888B7053221}"
EndProject
Project("{FAE04EC0-301F-11D3-BF4B-00C04F79EFBC}") = "App.SuperAdmin.Common", "SuperAdmin\App.SuperAdmin.Common\App.SuperAdmin.Common.csproj", "{5EC13F91-FD87-5140-64F0-BEA4F65E36B0}"
EndProject
Project("{FAE04EC0-301F-11D3-BF4B-00C04F79EFBC}") = "AspireApp.AppHost", "Aspire\AspireApp.AppHost\AspireApp.AppHost.csproj", "{49A36A14-FE89-B42B-FAAB-ED540936060B}"
EndProject
Project("{FAE04EC0-301F-11D3-BF4B-00C04F79EFBC}") = "App.Gateway.Api", "Gateway\App.Api\App.Gateway.Api.csproj", "{9967549C-11BA-907B-E7DC-B7A076D88437}"
EndProject
Project("{FAE04EC0-301F-11D3-BF4B-00C04F79EFBC}") = "App.Services.Test", "App.Services.Test\App.Services.Test.csproj", "{DC282902-96E9-5705-80E2-D6AEA86F62A0}"
EndProject
Project("{FAE04EC0-301F-11D3-BF4B-00C04F79EFBC}") = "App.UserManagement.Application", "App.MicroServices\Company\Company.UserManagement\App.UserManagement.Application\App.UserManagement.Application.csproj", "{0E023ECE-0D01-687B-6D7D-CBAEE61961F5}"
EndProject
Global
	GlobalSection(SolutionConfigurationPlatforms) = preSolution
		Debug|Any CPU = Debug|Any CPU
		Release|Any CPU = Release|Any CPU
	EndGlobalSection
	GlobalSection(ProjectConfigurationPlatforms) = postSolution
		{B7B73F72-A181-DAF8-F9F1-1A3A5C61D2D4}.Debug|Any CPU.ActiveCfg = Debug|Any CPU
		{B7B73F72-A181-DAF8-F9F1-1A3A5C61D2D4}.Debug|Any CPU.Build.0 = Debug|Any CPU
		{B7B73F72-A181-DAF8-F9F1-1A3A5C61D2D4}.Release|Any CPU.ActiveCfg = Release|Any CPU
		{B7B73F72-A181-DAF8-F9F1-1A3A5C61D2D4}.Release|Any CPU.Build.0 = Release|Any CPU
		{56CD5FD8-1EDE-A286-09B5-AFDEF0CF7A8C}.Debug|Any CPU.ActiveCfg = Debug|Any CPU
		{56CD5FD8-1EDE-A286-09B5-AFDEF0CF7A8C}.Debug|Any CPU.Build.0 = Debug|Any CPU
		{56CD5FD8-1EDE-A286-09B5-AFDEF0CF7A8C}.Release|Any CPU.ActiveCfg = Release|Any CPU
		{56CD5FD8-1EDE-A286-09B5-AFDEF0CF7A8C}.Release|Any CPU.Build.0 = Release|Any CPU
		{AA08A8FE-2877-02FE-D684-0EE79FB4421D}.Debug|Any CPU.ActiveCfg = Debug|Any CPU
		{AA08A8FE-2877-02FE-D684-0EE79FB4421D}.Debug|Any CPU.Build.0 = Debug|Any CPU
		{AA08A8FE-2877-02FE-D684-0EE79FB4421D}.Release|Any CPU.ActiveCfg = Release|Any CPU
		{AA08A8FE-2877-02FE-D684-0EE79FB4421D}.Release|Any CPU.Build.0 = Release|Any CPU
		{5F6D8612-8FC2-CBF3-7C1B-F55D026B577F}.Debug|Any CPU.ActiveCfg = Debug|Any CPU
		{5F6D8612-8FC2-CBF3-7C1B-F55D026B577F}.Debug|Any CPU.Build.0 = Debug|Any CPU
		{5F6D8612-8FC2-CBF3-7C1B-F55D026B577F}.Release|Any CPU.ActiveCfg = Release|Any CPU
		{5F6D8612-8FC2-CBF3-7C1B-F55D026B577F}.Release|Any CPU.Build.0 = Release|Any CPU
		{EC7A8D0E-B795-3D09-E3B0-8B21F9BFBBC3}.Debug|Any CPU.ActiveCfg = Debug|Any CPU
		{EC7A8D0E-B795-3D09-E3B0-8B21F9BFBBC3}.Debug|Any CPU.Build.0 = Debug|Any CPU
		{EC7A8D0E-B795-3D09-E3B0-8B21F9BFBBC3}.Release|Any CPU.ActiveCfg = Release|Any CPU
		{EC7A8D0E-B795-3D09-E3B0-8B21F9BFBBC3}.Release|Any CPU.Build.0 = Release|Any CPU
		{20063F87-FD48-81E5-6CCD-5DCB66912421}.Debug|Any CPU.ActiveCfg = Debug|Any CPU
		{20063F87-FD48-81E5-6CCD-5DCB66912421}.Debug|Any CPU.Build.0 = Debug|Any CPU
		{20063F87-FD48-81E5-6CCD-5DCB66912421}.Release|Any CPU.ActiveCfg = Release|Any CPU
		{20063F87-FD48-81E5-6CCD-5DCB66912421}.Release|Any CPU.Build.0 = Release|Any CPU
		{09B88B2B-1C67-573C-C478-AD8C191DEF33}.Debug|Any CPU.ActiveCfg = Debug|Any CPU
		{09B88B2B-1C67-573C-C478-AD8C191DEF33}.Debug|Any CPU.Build.0 = Debug|Any CPU
		{09B88B2B-1C67-573C-C478-AD8C191DEF33}.Release|Any CPU.ActiveCfg = Release|Any CPU
		{09B88B2B-1C67-573C-C478-AD8C191DEF33}.Release|Any CPU.Build.0 = Release|Any CPU
		{B0F94D92-8956-4BB8-3F5C-E5A403F64FF0}.Debug|Any CPU.ActiveCfg = Debug|Any CPU
		{B0F94D92-8956-4BB8-3F5C-E5A403F64FF0}.Debug|Any CPU.Build.0 = Debug|Any CPU
		{B0F94D92-8956-4BB8-3F5C-E5A403F64FF0}.Release|Any CPU.ActiveCfg = Release|Any CPU
		{B0F94D92-8956-4BB8-3F5C-E5A403F64FF0}.Release|Any CPU.Build.0 = Release|Any CPU
		{5A4A0D32-A2A4-FBAD-E7DB-ECBB95913601}.Debug|Any CPU.ActiveCfg = Debug|Any CPU
		{5A4A0D32-A2A4-FBAD-E7DB-ECBB95913601}.Debug|Any CPU.Build.0 = Debug|Any CPU
		{5A4A0D32-A2A4-FBAD-E7DB-ECBB95913601}.Release|Any CPU.ActiveCfg = Release|Any CPU
		{5A4A0D32-A2A4-FBAD-E7DB-ECBB95913601}.Release|Any CPU.Build.0 = Release|Any CPU
		{8A3B8DEB-3E66-F1D1-58E4-4888B7053221}.Debug|Any CPU.ActiveCfg = Debug|Any CPU
		{8A3B8DEB-3E66-F1D1-58E4-4888B7053221}.Debug|Any CPU.Build.0 = Debug|Any CPU
		{8A3B8DEB-3E66-F1D1-58E4-4888B7053221}.Release|Any CPU.ActiveCfg = Release|Any CPU
		{8A3B8DEB-3E66-F1D1-58E4-4888B7053221}.Release|Any CPU.Build.0 = Release|Any CPU
		{5EC13F91-FD87-5140-64F0-BEA4F65E36B0}.Debug|Any CPU.ActiveCfg = Debug|Any CPU
		{5EC13F91-FD87-5140-64F0-BEA4F65E36B0}.Debug|Any CPU.Build.0 = Debug|Any CPU
		{5EC13F91-FD87-5140-64F0-BEA4F65E36B0}.Release|Any CPU.ActiveCfg = Release|Any CPU
		{5EC13F91-FD87-5140-64F0-BEA4F65E36B0}.Release|Any CPU.Build.0 = Release|Any CPU
		{49A36A14-FE89-B42B-FAAB-ED540936060B}.Debug|Any CPU.ActiveCfg = Debug|Any CPU
		{49A36A14-FE89-B42B-FAAB-ED540936060B}.Debug|Any CPU.Build.0 = Debug|Any CPU
		{49A36A14-FE89-B42B-FAAB-ED540936060B}.Release|Any CPU.ActiveCfg = Release|Any CPU
		{49A36A14-FE89-B42B-FAAB-ED540936060B}.Release|Any CPU.Build.0 = Release|Any CPU
		{9967549C-11BA-907B-E7DC-B7A076D88437}.Debug|Any CPU.ActiveCfg = Debug|Any CPU
		{9967549C-11BA-907B-E7DC-B7A076D88437}.Debug|Any CPU.Build.0 = Debug|Any CPU
		{9967549C-11BA-907B-E7DC-B7A076D88437}.Release|Any CPU.ActiveCfg = Release|Any CPU
		{9967549C-11BA-907B-E7DC-B7A076D88437}.Release|Any CPU.Build.0 = Release|Any CPU
		{DC282902-96E9-5705-80E2-D6AEA86F62A0}.Debug|Any CPU.ActiveCfg = Debug|Any CPU
		{DC282902-96E9-5705-80E2-D6AEA86F62A0}.Debug|Any CPU.Build.0 = Debug|Any CPU
		{DC282902-96E9-5705-80E2-D6AEA86F62A0}.Release|Any CPU.ActiveCfg = Release|Any CPU
		{DC282902-96E9-5705-80E2-D6AEA86F62A0}.Release|Any CPU.Build.0 = Release|Any CPU
		{0E023ECE-0D01-687B-6D7D-CBAEE61961F5}.Debug|Any CPU.ActiveCfg = Debug|Any CPU
		{0E023ECE-0D01-687B-6D7D-CBAEE61961F5}.Debug|Any CPU.Build.0 = Debug|Any CPU
		{0E023ECE-0D01-687B-6D7D-CBAEE61961F5}.Release|Any CPU.ActiveCfg = Release|Any CPU
		{0E023ECE-0D01-687B-6D7D-CBAEE61961F5}.Release|Any CPU.Build.0 = Release|Any CPU
	EndGlobalSection
	GlobalSection(SolutionProperties) = preSolution
		HideSolutionNode = FALSE
	EndGlobalSection
	GlobalSection(NestedProjects) = preSolution
		{798ACCC7-0428-4ED4-B5B6-BFE2E295054A} = {02EA681E-C7D8-13C7-8484-4AC65E1B71E8}
		{16136E4C-5A1B-46D2-B10F-D15F60B9518B} = {B7A45757-7930-41F3-9E78-620A86AF12F1}
		{F243A237-452E-4B05-AF0E-CD608A723437} = {B7A45757-7930-41F3-9E78-620A86AF12F1}
		{2B8005A5-CF60-4574-AAA3-F3D22FAB837E} = {B7A45757-7930-41F3-9E78-620A86AF12F1}
		{35487E20-5CA0-4C8C-863A-AEBFFFED34D0} = {B7A45757-7930-41F3-9E78-620A86AF12F1}
		{1B9D254B-0FCD-47F0-8FF9-EFA2AC81AEA7} = {02EA681E-C7D8-13C7-8484-4AC65E1B71E8}
		{B7A45757-7930-41F3-9E78-620A86AF12F1} = {798ACCC7-0428-4ED4-B5B6-BFE2E295054A}
		{8CCAB130-A24E-45A4-B867-C64D3B28C19A} = {02EA681E-C7D8-13C7-8484-4AC65E1B71E8}
		{07563D36-BBA6-4865-A44B-26B8E2EACE76} = {8CCAB130-A24E-45A4-B867-C64D3B28C19A}
		{762E5872-C452-4E74-B8FC-3F08438C2367} = {8CCAB130-A24E-45A4-B867-C64D3B28C19A}
		{A54ED0BF-18EA-43C9-8954-0952186E28F9} = {8CCAB130-A24E-45A4-B867-C64D3B28C19A}
		{E5F6F145-9AD4-4A41-A6D3-9A9D92F011BC} = {8CCAB130-A24E-45A4-B867-C64D3B28C19A}
		{B7B73F72-A181-DAF8-F9F1-1A3A5C61D2D4} = {16136E4C-5A1B-46D2-B10F-D15F60B9518B}
		{56CD5FD8-1EDE-A286-09B5-AFDEF0CF7A8C} = {F243A237-452E-4B05-AF0E-CD608A723437}
		{AA08A8FE-2877-02FE-D684-0EE79FB4421D} = {2B8005A5-CF60-4574-AAA3-F3D22FAB837E}
		{5F6D8612-8FC2-CBF3-7C1B-F55D026B577F} = {1B9D254B-0FCD-47F0-8FF9-EFA2AC81AEA7}
		{EC7A8D0E-B795-3D09-E3B0-8B21F9BFBBC3} = {1B9D254B-0FCD-47F0-8FF9-EFA2AC81AEA7}
		{20063F87-FD48-81E5-6CCD-5DCB66912421} = {35487E20-5CA0-4C8C-863A-AEBFFFED34D0}
		{09B88B2B-1C67-573C-C478-AD8C191DEF33} = {07563D36-BBA6-4865-A44B-26B8E2EACE76}
		{B0F94D92-8956-4BB8-3F5C-E5A403F64FF0} = {07563D36-BBA6-4865-A44B-26B8E2EACE76}
		{5A4A0D32-A2A4-FBAD-E7DB-ECBB95913601} = {762E5872-C452-4E74-B8FC-3F08438C2367}
		{8A3B8DEB-3E66-F1D1-58E4-4888B7053221} = {A54ED0BF-18EA-43C9-8954-0952186E28F9}
		{5EC13F91-FD87-5140-64F0-BEA4F65E36B0} = {E5F6F145-9AD4-4A41-A6D3-9A9D92F011BC}
		{49A36A14-FE89-B42B-FAAB-ED540936060B} = {588D3DEC-4233-4C8B-9C14-9E9208C73FEC}
		{9967549C-11BA-907B-E7DC-B7A076D88437} = {BF1EF7CC-86E0-44B2-93F6-7BC40798995B}
		{DC282902-96E9-5705-80E2-D6AEA86F62A0} = {0E3896AC-558F-499C-9328-93CEE14988F9}
		{0E023ECE-0D01-687B-6D7D-CBAEE61961F5} = {16136E4C-5A1B-46D2-B10F-D15F60B9518B}
	EndGlobalSection
	GlobalSection(ExtensibilityGlobals) = postSolution
		SolutionGuid = {B345A7E8-FF43-4411-ABB1-1D5C6B923F2D}
	EndGlobalSection
EndGlobal
